
Microsoft Visual Studio Solution File, Format Version 9.00
# Visual Studio 2005
Project("{FAE04EC0-301F-11D3-BF4B-00C04F79EFBC}") = "Game_Flight", "Game_Flight\Game_Flight.csproj", "{181DFAAF-AA80-4294-BA38-2A2D2C06C5F6}"
EndProject
Global
	GlobalSection(SolutionConfigurationPlatforms) = preSolution
		Debug|Any CPU = Debug|Any CPU
		Release|Any CPU = Release|Any CPU
	EndGlobalSection
	GlobalSection(ProjectConfigurationPlatforms) = postSolution
		{181DFAAF-AA80-4294-BA38-2A2D2C06C5F6}.Debug|Any CPU.ActiveCfg = Debug|Any CPU
		{181DFAAF-AA80-4294-BA38-2A2D2C06C5F6}.Debug|Any CPU.Build.0 = Debug|Any CPU
		{181DFAAF-AA80-4294-BA38-2A2D2C06C5F6}.Release|Any CPU.ActiveCfg = Release|Any CPU
		{181DFAAF-AA80-4294-BA38-2A2D2C06C5F6}.Release|Any CPU.Build.0 = Release|Any CPU
	EndGlobalSection
	GlobalSection(SolutionProperties) = preSolution
		HideSolutionNode = FALSE
	EndGlobalSection
EndGlobal
