
Microsoft Visual Studio Solution File, Format Version 9.00
# Visual Studio 2005
Project("{FAE04EC0-301F-11D3-BF4B-00C04F79EFBC}") = "SimpleWindowProgram", "SimpleWindowProgram\SimpleWindowProgram.csproj", "{0017BE1A-E343-44DF-949B-BF379214B5BA}"
EndProject
Global
	GlobalSection(SolutionConfigurationPlatforms) = preSolution
		Debug|Any CPU = Debug|Any CPU
		Release|Any CPU = Release|Any CPU
	EndGlobalSection
	GlobalSection(ProjectConfigurationPlatforms) = postSolution
		{0017BE1A-E343-44DF-949B-BF379214B5BA}.Debug|Any CPU.ActiveCfg = Debug|Any CPU
		{0017BE1A-E343-44DF-949B-BF379214B5BA}.Debug|Any CPU.Build.0 = Debug|Any CPU
		{0017BE1A-E343-44DF-949B-BF379214B5BA}.Release|Any CPU.ActiveCfg = Release|Any CPU
		{0017BE1A-E343-44DF-949B-BF379214B5BA}.Release|Any CPU.Build.0 = Release|Any CPU
	EndGlobalSection
	GlobalSection(SolutionProperties) = preSolution
		HideSolutionNode = FALSE
	EndGlobalSection
EndGlobal
