
Microsoft Visual Studio Solution File, Format Version 9.00
# Visual Studio 2005
Project("{FAE04EC0-301F-11D3-BF4B-00C04F79EFBC}") = "Graphics_DrawRectangleWithTextureBrush", "Graphics_DrawRectangleWithTextureBrush\Graphics_DrawRectangleWithTextureBrush.csproj", "{A32D9F1C-9BDB-4A71-BF2B-80D86C57A116}"
EndProject
Global
	GlobalSection(SolutionConfigurationPlatforms) = preSolution
		Debug|Any CPU = Debug|Any CPU
		Release|Any CPU = Release|Any CPU
	EndGlobalSection
	GlobalSection(ProjectConfigurationPlatforms) = postSolution
		{A32D9F1C-9BDB-4A71-BF2B-80D86C57A116}.Debug|Any CPU.ActiveCfg = Debug|Any CPU
		{A32D9F1C-9BDB-4A71-BF2B-80D86C57A116}.Debug|Any CPU.Build.0 = Debug|Any CPU
		{A32D9F1C-9BDB-4A71-BF2B-80D86C57A116}.Release|Any CPU.ActiveCfg = Release|Any CPU
		{A32D9F1C-9BDB-4A71-BF2B-80D86C57A116}.Release|Any CPU.Build.0 = Release|Any CPU
	EndGlobalSection
	GlobalSection(SolutionProperties) = preSolution
		HideSolutionNode = FALSE
	EndGlobalSection
EndGlobal
