
Microsoft Visual Studio Solution File, Format Version 9.00
# Visual Studio 2005
Project("{FAE04EC0-301F-11D3-BF4B-00C04F79EFBC}") = "classparameter", "classparameter\classparameter.csproj", "{7CEF799C-E2F8-491B-AB65-20521A6462D9}"
EndProject
Global
	GlobalSection(SolutionConfigurationPlatforms) = preSolution
		Debug|Any CPU = Debug|Any CPU
		Release|Any CPU = Release|Any CPU
	EndGlobalSection
	GlobalSection(ProjectConfigurationPlatforms) = postSolution
		{7CEF799C-E2F8-491B-AB65-20521A6462D9}.Debug|Any CPU.ActiveCfg = Debug|Any CPU
		{7CEF799C-E2F8-491B-AB65-20521A6462D9}.Debug|Any CPU.Build.0 = Debug|Any CPU
		{7CEF799C-E2F8-491B-AB65-20521A6462D9}.Release|Any CPU.ActiveCfg = Release|Any CPU
		{7CEF799C-E2F8-491B-AB65-20521A6462D9}.Release|Any CPU.Build.0 = Release|Any CPU
	EndGlobalSection
	GlobalSection(SolutionProperties) = preSolution
		HideSolutionNode = FALSE
	EndGlobalSection
EndGlobal
