
Microsoft Visual Studio Solution File, Format Version 9.00
# Visual Studio 2005
Project("{FAE04EC0-301F-11D3-BF4B-00C04F79EFBC}") = "AbstractClassProgram", "AbstractClassProgram\AbstractClassProgram.csproj", "{34B6A61A-D777-46EC-B49B-1319E8C742FB}"
EndProject
Global
	GlobalSection(SolutionConfigurationPlatforms) = preSolution
		Debug|Any CPU = Debug|Any CPU
		Release|Any CPU = Release|Any CPU
	EndGlobalSection
	GlobalSection(ProjectConfigurationPlatforms) = postSolution
		{34B6A61A-D777-46EC-B49B-1319E8C742FB}.Debug|Any CPU.ActiveCfg = Debug|Any CPU
		{34B6A61A-D777-46EC-B49B-1319E8C742FB}.Debug|Any CPU.Build.0 = Debug|Any CPU
		{34B6A61A-D777-46EC-B49B-1319E8C742FB}.Release|Any CPU.ActiveCfg = Release|Any CPU
		{34B6A61A-D777-46EC-B49B-1319E8C742FB}.Release|Any CPU.Build.0 = Release|Any CPU
	EndGlobalSection
	GlobalSection(SolutionProperties) = preSolution
		HideSolutionNode = FALSE
	EndGlobalSection
EndGlobal
